// !$*UTF8*$!
{
	archiveVersion = 1;
	classes = {
	};
	objectVersion = 50;
	objects = {

/* Begin PBXBuildFile section */
		B3E2FC2421A8457E00CAD966 /* AppDelegate.swift in Sources */ = {isa = PBXBuildFile; fileRef = B3E2FC2321A8457E00CAD966 /* AppDelegate.swift */; };
		B3E2FC2621A8457E00CAD966 /* ViewController.swift in Sources */ = {isa = PBXBuildFile; fileRef = B3E2FC2521A8457E00CAD966 /* ViewController.swift */; };
		B3E2FC2921A8457E00CAD966 /* Main.storyboard in Resources */ = {isa = PBXBuildFile; fileRef = B3E2FC2721A8457E00CAD966 /* Main.storyboard */; };
		B3E2FC2B21A8458000CAD966 /* Assets.xcassets in Resources */ = {isa = PBXBuildFile; fileRef = B3E2FC2A21A8458000CAD966 /* Assets.xcassets */; };
		B3E2FC2E21A8458000CAD966 /* LaunchScreen.storyboard in Resources */ = {isa = PBXBuildFile; fileRef = B3E2FC2C21A8458000CAD966 /* LaunchScreen.storyboard */; };
		B3E2FC3921A8458000CAD966 /* OptSortSwiftTests.swift in Sources */ = {isa = PBXBuildFile; fileRef = B3E2FC3821A8458000CAD966 /* OptSortSwiftTests.swift */; };
		B3E2FC4421A8458000CAD966 /* OptSortSwiftUITests.swift in Sources */ = {isa = PBXBuildFile; fileRef = B3E2FC4321A8458000CAD966 /* OptSortSwiftUITests.swift */; };
/* End PBXBuildFile section */

/* Begin PBXContainerItemProxy section */
		B3E2FC3521A8458000CAD966 /* PBXContainerItemProxy */ = {
			isa = PBXContainerItemProxy;
			containerPortal = B3E2FC1821A8457E00CAD966 /* Project object */;
			proxyType = 1;
			remoteGlobalIDString = B3E2FC1F21A8457E00CAD966;
			remoteInfo = OptSortSwift;
		};
		B3E2FC4021A8458000CAD966 /* PBXContainerItemProxy */ = {
			isa = PBXContainerItemProxy;
			containerPortal = B3E2FC1821A8457E00CAD966 /* Project object */;
			proxyType = 1;
			remoteGlobalIDString = B3E2FC1F21A8457E00CAD966;
			remoteInfo = OptSortSwift;
		};
/* End PBXContainerItemProxy section */

/* Begin PBXFileReference section */
		B3E2FC2021A8457E00CAD966 /* OptSortSwift.app */ = {isa = PBXFileReference; explicitFileType = wrapper.application; includeInIndex = 0; path = OptSortSwift.app; sourceTree = BUILT_PRODUCTS_DIR; };
		B3E2FC2321A8457E00CAD966 /* AppDelegate.swift */ = {isa = PBXFileReference; lastKnownFileType = sourcecode.swift; path = AppDelegate.swift; sourceTree = "<group>"; };
		B3E2FC2521A8457E00CAD966 /* ViewController.swift */ = {isa = PBXFileReference; lastKnownFileType = sourcecode.swift; path = ViewController.swift; sourceTree = "<group>"; };
		B3E2FC2821A8457E00CAD966 /* Base */ = {isa = PBXFileReference; lastKnownFileType = file.storyboard; name = Base; path = Base.lproj/Main.storyboard; sourceTree = "<group>"; };
		B3E2FC2A21A8458000CAD966 /* Assets.xcassets */ = {isa = PBXFileReference; lastKnownFileType = folder.assetcatalog; path = Assets.xcassets; sourceTree = "<group>"; };
		B3E2FC2D21A8458000CAD966 /* Base */ = {isa = PBXFileReference; lastKnownFileType = file.storyboard; name = Base; path = Base.lproj/LaunchScreen.storyboard; sourceTree = "<group>"; };
		B3E2FC2F21A8458000CAD966 /* Info.plist */ = {isa = PBXFileReference; lastKnownFileType = text.plist.xml; path = Info.plist; sourceTree = "<group>"; };
		B3E2FC3421A8458000CAD966 /* OptSortSwiftTests.xctest */ = {isa = PBXFileReference; explicitFileType = wrapper.cfbundle; includeInIndex = 0; path = OptSortSwiftTests.xctest; sourceTree = BUILT_PRODUCTS_DIR; };
		B3E2FC3821A8458000CAD966 /* OptSortSwiftTests.swift */ = {isa = PBXFileReference; lastKnownFileType = sourcecode.swift; path = OptSortSwiftTests.swift; sourceTree = "<group>"; };
		B3E2FC3A21A8458000CAD966 /* Info.plist */ = {isa = PBXFileReference; lastKnownFileType = text.plist.xml; path = Info.plist; sourceTree = "<group>"; };
		B3E2FC3F21A8458000CAD966 /* OptSortSwiftUITests.xctest */ = {isa = PBXFileReference; explicitFileType = wrapper.cfbundle; includeInIndex = 0; path = OptSortSwiftUITests.xctest; sourceTree = BUILT_PRODUCTS_DIR; };
		B3E2FC4321A8458000CAD966 /* OptSortSwiftUITests.swift */ = {isa = PBXFileReference; lastKnownFileType = sourcecode.swift; path = OptSortSwiftUITests.swift; sourceTree = "<group>"; };
		B3E2FC4521A8458000CAD966 /* Info.plist */ = {isa = PBXFileReference; lastKnownFileType = text.plist.xml; path = Info.plist; sourceTree = "<group>"; };
/* End PBXFileReference section */

/* Begin PBXFrameworksBuildPhase section */
		B3E2FC1D21A8457E00CAD966 /* Frameworks */ = {
			isa = PBXFrameworksBuildPhase;
			buildActionMask = 2147483647;
			files = (
			);
			runOnlyForDeploymentPostprocessing = 0;
		};
		B3E2FC3121A8458000CAD966 /* Frameworks */ = {
			isa = PBXFrameworksBuildPhase;
			buildActionMask = 2147483647;
			files = (
			);
			runOnlyForDeploymentPostprocessing = 0;
		};
		B3E2FC3C21A8458000CAD966 /* Frameworks */ = {
			isa = PBXFrameworksBuildPhase;
			buildActionMask = 2147483647;
			files = (
			);
			runOnlyForDeploymentPostprocessing = 0;
		};
/* End PBXFrameworksBuildPhase section */

/* Begin PBXGroup section */
		B3E2FC1721A8457E00CAD966 = {
			isa = PBXGroup;
			children = (
				B3E2FC2221A8457E00CAD966 /* OptSortSwift */,
				B3E2FC3721A8458000CAD966 /* OptSortSwiftTests */,
				B3E2FC4221A8458000CAD966 /* OptSortSwiftUITests */,
				B3E2FC2121A8457E00CAD966 /* Products */,
			);
			sourceTree = "<group>";
		};
		B3E2FC2121A8457E00CAD966 /* Products */ = {
			isa = PBXGroup;
			children = (
				B3E2FC2021A8457E00CAD966 /* OptSortSwift.app */,
				B3E2FC3421A8458000CAD966 /* OptSortSwiftTests.xctest */,
				B3E2FC3F21A8458000CAD966 /* OptSortSwiftUITests.xctest */,
			);
			name = Products;
			sourceTree = "<group>";
		};
		B3E2FC2221A8457E00CAD966 /* OptSortSwift */ = {
			isa = PBXGroup;
			children = (
				B3E2FC2321A8457E00CAD966 /* AppDelegate.swift */,
				B3E2FC2521A8457E00CAD966 /* ViewController.swift */,
				B3E2FC2721A8457E00CAD966 /* Main.storyboard */,
				B3E2FC2A21A8458000CAD966 /* Assets.xcassets */,
				B3E2FC2C21A8458000CAD966 /* LaunchScreen.storyboard */,
				B3E2FC2F21A8458000CAD966 /* Info.plist */,
			);
			path = OptSortSwift;
			sourceTree = "<group>";
		};
		B3E2FC3721A8458000CAD966 /* OptSortSwiftTests */ = {
			isa = PBXGroup;
			children = (
				B3E2FC3821A8458000CAD966 /* OptSortSwiftTests.swift */,
				B3E2FC3A21A8458000CAD966 /* Info.plist */,
			);
			path = OptSortSwiftTests;
			sourceTree = "<group>";
		};
		B3E2FC4221A8458000CAD966 /* OptSortSwiftUITests */ = {
			isa = PBXGroup;
			children = (
				B3E2FC4321A8458000CAD966 /* OptSortSwiftUITests.swift */,
				B3E2FC4521A8458000CAD966 /* Info.plist */,
			);
			path = OptSortSwiftUITests;
			sourceTree = "<group>";
		};
/* End PBXGroup section */

/* Begin PBXNativeTarget section */
		B3E2FC1F21A8457E00CAD966 /* OptSortSwift */ = {
			isa = PBXNativeTarget;
			buildConfigurationList = B3E2FC4821A8458000CAD966 /* Build configuration list for PBXNativeTarget "OptSortSwift" */;
			buildPhases = (
				B3E2FC1C21A8457E00CAD966 /* Sources */,
				B3E2FC1D21A8457E00CAD966 /* Frameworks */,
				B3E2FC1E21A8457E00CAD966 /* Resources */,
			);
			buildRules = (
			);
			dependencies = (
			);
			name = OptSortSwift;
			productName = OptSortSwift;
			productReference = B3E2FC2021A8457E00CAD966 /* OptSortSwift.app */;
			productType = "com.apple.product-type.application";
		};
		B3E2FC3321A8458000CAD966 /* OptSortSwiftTests */ = {
			isa = PBXNativeTarget;
			buildConfigurationList = B3E2FC4B21A8458000CAD966 /* Build configuration list for PBXNativeTarget "OptSortSwiftTests" */;
			buildPhases = (
				B3E2FC3021A8458000CAD966 /* Sources */,
				B3E2FC3121A8458000CAD966 /* Frameworks */,
				B3E2FC3221A8458000CAD966 /* Resources */,
			);
			buildRules = (
			);
			dependencies = (
				B3E2FC3621A8458000CAD966 /* PBXTargetDependency */,
			);
			name = OptSortSwiftTests;
			productName = OptSortSwiftTests;
			productReference = B3E2FC3421A8458000CAD966 /* OptSortSwiftTests.xctest */;
			productType = "com.apple.product-type.bundle.unit-test";
		};
		B3E2FC3E21A8458000CAD966 /* OptSortSwiftUITests */ = {
			isa = PBXNativeTarget;
			buildConfigurationList = B3E2FC4E21A8458000CAD966 /* Build configuration list for PBXNativeTarget "OptSortSwiftUITests" */;
			buildPhases = (
				B3E2FC3B21A8458000CAD966 /* Sources */,
				B3E2FC3C21A8458000CAD966 /* Frameworks */,
				B3E2FC3D21A8458000CAD966 /* Resources */,
			);
			buildRules = (
			);
			dependencies = (
				B3E2FC4121A8458000CAD966 /* PBXTargetDependency */,
			);
			name = OptSortSwiftUITests;
			productName = OptSortSwiftUITests;
			productReference = B3E2FC3F21A8458000CAD966 /* OptSortSwiftUITests.xctest */;
			productType = "com.apple.product-type.bundle.ui-testing";
		};
/* End PBXNativeTarget section */

/* Begin PBXProject section */
		B3E2FC1821A8457E00CAD966 /* Project object */ = {
			isa = PBXProject;
			attributes = {
				LastSwiftUpdateCheck = 1010;
				LastUpgradeCheck = 1410;
				ORGANIZATIONNAME = Caprisoft;
				TargetAttributes = {
					B3E2FC1F21A8457E00CAD966 = {
						CreatedOnToolsVersion = 10.1;
					};
					B3E2FC3321A8458000CAD966 = {
						CreatedOnToolsVersion = 10.1;
						LastSwiftMigration = "";
						TestTargetID = B3E2FC1F21A8457E00CAD966;
					};
					B3E2FC3E21A8458000CAD966 = {
						CreatedOnToolsVersion = 10.1;
						LastSwiftMigration = "";
						TestTargetID = B3E2FC1F21A8457E00CAD966;
					};
				};
			};
			buildConfigurationList = B3E2FC1B21A8457E00CAD966 /* Build configuration list for PBXProject "OptSortSwift" */;
			compatibilityVersion = "Xcode 9.3";
			developmentRegion = en;
			hasScannedForEncodings = 0;
			knownRegions = (
				en,
				Base,
			);
			mainGroup = B3E2FC1721A8457E00CAD966;
			productRefGroup = B3E2FC2121A8457E00CAD966 /* Products */;
			projectDirPath = "";
			projectRoot = "";
			targets = (
				B3E2FC1F21A8457E00CAD966 /* OptSortSwift */,
				B3E2FC3321A8458000CAD966 /* OptSortSwiftTests */,
				B3E2FC3E21A8458000CAD966 /* OptSortSwiftUITests */,
			);
		};
/* End PBXProject section */

/* Begin PBXResourcesBuildPhase section */
		B3E2FC1E21A8457E00CAD966 /* Resources */ = {
			isa = PBXResourcesBuildPhase;
			buildActionMask = 2147483647;
			files = (
				B3E2FC2E21A8458000CAD966 /* LaunchScreen.storyboard in Resources */,
				B3E2FC2B21A8458000CAD966 /* Assets.xcassets in Resources */,
				B3E2FC2921A8457E00CAD966 /* Main.storyboard in Resources */,
			);
			runOnlyForDeploymentPostprocessing = 0;
		};
		B3E2FC3221A8458000CAD966 /* Resources */ = {
			isa = PBXResourcesBuildPhase;
			buildActionMask = 2147483647;
			files = (
			);
			runOnlyForDeploymentPostprocessing = 0;
		};
		B3E2FC3D21A8458000CAD966 /* Resources */ = {
			isa = PBXResourcesBuildPhase;
			buildActionMask = 2147483647;
			files = (
			);
			runOnlyForDeploymentPostprocessing = 0;
		};
/* End PBXResourcesBuildPhase section */

/* Begin PBXSourcesBuildPhase section */
		B3E2FC1C21A8457E00CAD966 /* Sources */ = {
			isa = PBXSourcesBuildPhase;
			buildActionMask = 2147483647;
			files = (
				B3E2FC2621A8457E00CAD966 /* ViewController.swift in Sources */,
				B3E2FC2421A8457E00CAD966 /* AppDelegate.swift in Sources */,
			);
			runOnlyForDeploymentPostprocessing = 0;
		};
		B3E2FC3021A8458000CAD966 /* Sources */ = {
			isa = PBXSourcesBuildPhase;
			buildActionMask = 2147483647;
			files = (
				B3E2FC3921A8458000CAD966 /* OptSortSwiftTests.swift in Sources */,
			);
			runOnlyForDeploymentPostprocessing = 0;
		};
		B3E2FC3B21A8458000CAD966 /* Sources */ = {
			isa = PBXSourcesBuildPhase;
			buildActionMask = 2147483647;
			files = (
				B3E2FC4421A8458000CAD966 /* OptSortSwiftUITests.swift in Sources */,
			);
			runOnlyForDeploymentPostprocessing = 0;
		};
/* End PBXSourcesBuildPhase section */

/* Begin PBXTargetDependency section */
		B3E2FC3621A8458000CAD966 /* PBXTargetDependency */ = {
			isa = PBXTargetDependency;
			target = B3E2FC1F21A8457E00CAD966 /* OptSortSwift */;
			targetProxy = B3E2FC3521A8458000CAD966 /* PBXContainerItemProxy */;
		};
		B3E2FC4121A8458000CAD966 /* PBXTargetDependency */ = {
			isa = PBXTargetDependency;
			target = B3E2FC1F21A8457E00CAD966 /* OptSortSwift */;
			targetProxy = B3E2FC4021A8458000CAD966 /* PBXContainerItemProxy */;
		};
/* End PBXTargetDependency section */

/* Begin PBXVariantGroup section */
		B3E2FC2721A8457E00CAD966 /* Main.storyboard */ = {
			isa = PBXVariantGroup;
			children = (
				B3E2FC2821A8457E00CAD966 /* Base */,
			);
			name = Main.storyboard;
			sourceTree = "<group>";
		};
		B3E2FC2C21A8458000CAD966 /* LaunchScreen.storyboard */ = {
			isa = PBXVariantGroup;
			children = (
				B3E2FC2D21A8458000CAD966 /* Base */,
			);
			name = LaunchScreen.storyboard;
			sourceTree = "<group>";
		};
/* End PBXVariantGroup section */

/* Begin XCBuildConfiguration section */
		B3E2FC4621A8458000CAD966 /* Debug */ = {
			isa = XCBuildConfiguration;
			buildSettings = {
				ALWAYS_SEARCH_USER_PATHS = NO;
				CLANG_ANALYZER_NONNULL = YES;
				CLANG_ANALYZER_NUMBER_OBJECT_CONVERSION = YES_AGGRESSIVE;
				CLANG_CXX_LANGUAGE_STANDARD = "gnu++14";
				CLANG_CXX_LIBRARY = "libc++";
				CLANG_ENABLE_MODULES = YES;
				CLANG_ENABLE_OBJC_ARC = YES;
				CLANG_ENABLE_OBJC_WEAK = YES;
				CLANG_WARN_BLOCK_CAPTURE_AUTORELEASING = YES;
				CLANG_WARN_BOOL_CONVERSION = YES;
				CLANG_WARN_COMMA = YES;
				CLANG_WARN_CONSTANT_CONVERSION = YES;
				CLANG_WARN_DEPRECATED_OBJC_IMPLEMENTATIONS = YES;
				CLANG_WARN_DIRECT_OBJC_ISA_USAGE = YES_ERROR;
				CLANG_WARN_DOCUMENTATION_COMMENTS = YES;
				CLANG_WARN_EMPTY_BODY = YES;
				CLANG_WARN_ENUM_CONVERSION = YES;
				CLANG_WARN_INFINITE_RECURSION = YES;
				CLANG_WARN_INT_CONVERSION = YES;
				CLANG_WARN_NON_LITERAL_NULL_CONVERSION = YES;
				CLANG_WARN_OBJC_IMPLICIT_RETAIN_SELF = YES;
				CLANG_WARN_OBJC_LITERAL_CONVERSION = YES;
				CLANG_WARN_OBJC_ROOT_CLASS = YES_ERROR;
				CLANG_WARN_QUOTED_INCLUDE_IN_FRAMEWORK_HEADER = YES;
				CLANG_WARN_RANGE_LOOP_ANALYSIS = YES;
				CLANG_WARN_STRICT_PROTOTYPES = YES;
				CLANG_WARN_SUSPICIOUS_MOVE = YES;
				CLANG_WARN_UNGUARDED_AVAILABILITY = YES_AGGRESSIVE;
				CLANG_WARN_UNREACHABLE_CODE = YES;
				CLANG_WARN__DUPLICATE_METHOD_MATCH = YES;
				CODE_SIGN_IDENTITY = "iPhone Developer";
				COPY_PHASE_STRIP = NO;
				DEBUG_INFORMATION_FORMAT = dwarf;
				ENABLE_STRICT_OBJC_MSGSEND = YES;
				ENABLE_TESTABILITY = YES;
				GCC_C_LANGUAGE_STANDARD = gnu11;
				GCC_DYNAMIC_NO_PIC = NO;
				GCC_NO_COMMON_BLOCKS = YES;
				GCC_OPTIMIZATION_LEVEL = 0;
				GCC_PREPROCESSOR_DEFINITIONS = (
					"DEBUG=1",
					"$(inherited)",
				);
				GCC_WARN_64_TO_32_BIT_CONVERSION = YES;
				GCC_WARN_ABOUT_RETURN_TYPE = YES_ERROR;
				GCC_WARN_UNDECLARED_SELECTOR = YES;
				GCC_WARN_UNINITIALIZED_AUTOS = YES_AGGRESSIVE;
				GCC_WARN_UNUSED_FUNCTION = YES;
				GCC_WARN_UNUSED_VARIABLE = YES;
				IPHONEOS_DEPLOYMENT_TARGET = 15.6;
				MTL_ENABLE_DEBUG_INFO = INCLUDE_SOURCE;
				MTL_FAST_MATH = YES;
				ONLY_ACTIVE_ARCH = YES;
				SDKROOT = iphoneos;
				SWIFT_ACTIVE_COMPILATION_CONDITIONS = DEBUG;
				SWIFT_OPTIMIZATION_LEVEL = "-Onone";
			};
			name = Debug;
		};
		B3E2FC4721A8458000CAD966 /* Release */ = {
			isa = XCBuildConfiguration;
			buildSettings = {
				ALWAYS_SEARCH_USER_PATHS = NO;
				CLANG_ANALYZER_NONNULL = YES;
				CLANG_ANALYZER_NUMBER_OBJECT_CONVERSION = YES_AGGRESSIVE;
				CLANG_CXX_LANGUAGE_STANDARD = "gnu++14";
				CLANG_CXX_LIBRARY = "libc++";
				CLANG_ENABLE_MODULES = YES;
				CLANG_ENABLE_OBJC_ARC = YES;
				CLANG_ENABLE_OBJC_WEAK = YES;
				CLANG_WARN_BLOCK_CAPTURE_AUTORELEASING = YES;
				CLANG_WARN_BOOL_CONVERSION = YES;
				CLANG_WARN_COMMA = YES;
				CLANG_WARN_CONSTANT_CONVERSION = YES;
				CLANG_WARN_DEPRECATED_OBJC_IMPLEMENTATIONS = YES;
				CLANG_WARN_DIRECT_OBJC_ISA_USAGE = YES_ERROR;
				CLANG_WARN_DOCUMENTATION_COMMENTS = YES;
				CLANG_WARN_EMPTY_BODY = YES;
				CLANG_WARN_ENUM_CONVERSION = YES;
				CLANG_WARN_INFINITE_RECURSION = YES;
				CLANG_WARN_INT_CONVERSION = YES;
				CLANG_WARN_NON_LITERAL_NULL_CONVERSION = YES;
				CLANG_WARN_OBJC_IMPLICIT_RETAIN_SELF = YES;
				CLANG_WARN_OBJC_LITERAL_CONVERSION = YES;
				CLANG_WARN_OBJC_ROOT_CLASS = YES_ERROR;
				CLANG_WARN_QUOTED_INCLUDE_IN_FRAMEWORK_HEADER = YES;
				CLANG_WARN_RANGE_LOOP_ANALYSIS = YES;
				CLANG_WARN_STRICT_PROTOTYPES = YES;
				CLANG_WARN_SUSPICIOUS_MOVE = YES;
				CLANG_WARN_UNGUARDED_AVAILABILITY = YES_AGGRESSIVE;
				CLANG_WARN_UNREACHABLE_CODE = YES;
				CLANG_WARN__DUPLICATE_METHOD_MATCH = YES;
				CODE_SIGN_IDENTITY = "iPhone Developer";
				COPY_PHASE_STRIP = NO;
				DEBUG_INFORMATION_FORMAT = "dwarf-with-dsym";
				ENABLE_NS_ASSERTIONS = NO;
				ENABLE_STRICT_OBJC_MSGSEND = YES;
				GCC_C_LANGUAGE_STANDARD = gnu11;
				GCC_NO_COMMON_BLOCKS = YES;
				GCC_WARN_64_TO_32_BIT_CONVERSION = YES;
				GCC_WARN_ABOUT_RETURN_TYPE = YES_ERROR;
				GCC_WARN_UNDECLARED_SELECTOR = YES;
				GCC_WARN_UNINITIALIZED_AUTOS = YES_AGGRESSIVE;
				GCC_WARN_UNUSED_FUNCTION = YES;
				GCC_WARN_UNUSED_VARIABLE = YES;
				IPHONEOS_DEPLOYMENT_TARGET = 15.6;
				MTL_ENABLE_DEBUG_INFO = NO;
				MTL_FAST_MATH = YES;
				SDKROOT = iphoneos;
				SWIFT_COMPILATION_MODE = wholemodule;
				SWIFT_OPTIMIZATION_LEVEL = "-O";
				VALIDATE_PRODUCT = YES;
			};
			name = Release;
		};
		B3E2FC4921A8458000CAD966 /* Debug */ = {
			isa = XCBuildConfiguration;
			buildSettings = {
				ASSETCATALOG_COMPILER_APPICON_NAME = AppIcon;
				CODE_SIGN_IDENTITY = "Apple Development";
				CODE_SIGN_STYLE = Automatic;
				DEVELOPMENT_TEAM = X25623S35T;
				INFOPLIST_FILE = OptSortSwift/Info.plist;
				IPHONEOS_DEPLOYMENT_TARGET = 15.6;
				LD_RUNPATH_SEARCH_PATHS = (
					"$(inherited)",
					"@executable_path/Frameworks",
				);
				PRODUCT_BUNDLE_IDENTIFIER = com.caprisoft.OptSortSwift;
				PRODUCT_NAME = "$(TARGET_NAME)";
				PROVISIONING_PROFILE_SPECIFIER = "";
				SWIFT_VERSION = 5.0;
				TARGETED_DEVICE_FAMILY = "1,2";
			};
			name = Debug;
		};
		B3E2FC4A21A8458000CAD966 /* Release */ = {
			isa = XCBuildConfiguration;
			buildSettings = {
				ASSETCATALOG_COMPILER_APPICON_NAME = AppIcon;
				CODE_SIGN_IDENTITY = "Apple Development";
				CODE_SIGN_STYLE = Automatic;
				DEVELOPMENT_TEAM = X25623S35T;
				INFOPLIST_FILE = OptSortSwift/Info.plist;
				IPHONEOS_DEPLOYMENT_TARGET = 15.6;
				LD_RUNPATH_SEARCH_PATHS = (
					"$(inherited)",
					"@executable_path/Frameworks",
				);
				MTL_ENABLE_DEBUG_INFO = NO;
				PRODUCT_BUNDLE_IDENTIFIER = com.caprisoft.OptSortSwift;
				PRODUCT_NAME = "$(TARGET_NAME)";
				PROVISIONING_PROFILE_SPECIFIER = "";
				SWIFT_VERSION = 5.0;
				TARGETED_DEVICE_FAMILY = "1,2";
			};
			name = Release;
		};
		B3E2FC4C21A8458000CAD966 /* Debug */ = {
			isa = XCBuildConfiguration;
			buildSettings = {
				ALWAYS_EMBED_SWIFT_STANDARD_LIBRARIES = YES;
				BUNDLE_LOADER = "$(TEST_HOST)";
				CODE_SIGN_STYLE = Automatic;
				DEVELOPMENT_TEAM = X25623S35T;
				INFOPLIST_FILE = OptSortSwiftTests/Info.plist;
				LD_RUNPATH_SEARCH_PATHS = (
					"$(inherited)",
					"@executable_path/Frameworks",
					"@loader_path/Frameworks",
				);
				PRODUCT_BUNDLE_IDENTIFIER = com.caprisoft.OptSortSwiftTests;
				PRODUCT_NAME = "$(TARGET_NAME)";
				SWIFT_VERSION = 5.0;
				TARGETED_DEVICE_FAMILY = "1,2";
				TEST_HOST = "$(BUILT_PRODUCTS_DIR)/OptSortSwift.app/OptSortSwift";
			};
			name = Debug;
		};
		B3E2FC4D21A8458000CAD966 /* Release */ = {
			isa = XCBuildConfiguration;
			buildSettings = {
				ALWAYS_EMBED_SWIFT_STANDARD_LIBRARIES = YES;
				BUNDLE_LOADER = "$(TEST_HOST)";
				CODE_SIGN_STYLE = Automatic;
				DEVELOPMENT_TEAM = X25623S35T;
				INFOPLIST_FILE = OptSortSwiftTests/Info.plist;
				LD_RUNPATH_SEARCH_PATHS = (
					"$(inherited)",
					"@executable_path/Frameworks",
					"@loader_path/Frameworks",
				);
				PRODUCT_BUNDLE_IDENTIFIER = com.caprisoft.OptSortSwiftTests;
				PRODUCT_NAME = "$(TARGET_NAME)";
				SWIFT_VERSION = 5.0;
				TARGETED_DEVICE_FAMILY = "1,2";
				TEST_HOST = "$(BUILT_PRODUCTS_DIR)/OptSortSwift.app/OptSortSwift";
			};
			name = Release;
		};
		B3E2FC4F21A8458000CAD966 /* Debug */ = {
			isa = XCBuildConfiguration;
			buildSettings = {
				ALWAYS_EMBED_SWIFT_STANDARD_LIBRARIES = YES;
				CODE_SIGN_STYLE = Automatic;
				DEVELOPMENT_TEAM = X25623S35T;
				INFOPLIST_FILE = OptSortSwiftUITests/Info.plist;
				LD_RUNPATH_SEARCH_PATHS = (
					"$(inherited)",
					"@executable_path/Frameworks",
					"@loader_path/Frameworks",
				);
				PRODUCT_BUNDLE_IDENTIFIER = com.caprisoft.OptSortSwiftUITests;
				PRODUCT_NAME = "$(TARGET_NAME)";
				SWIFT_VERSION = 5.0;
				TARGETED_DEVICE_FAMILY = "1,2";
				TEST_TARGET_NAME = OptSortSwift;
			};
			name = Debug;
		};
		B3E2FC5021A8458000CAD966 /* Release */ = {
			isa = XCBuildConfiguration;
			buildSettings = {
				ALWAYS_EMBED_SWIFT_STANDARD_LIBRARIES = YES;
				CODE_SIGN_STYLE = Automatic;
				DEVELOPMENT_TEAM = X25623S35T;
				INFOPLIST_FILE = OptSortSwiftUITests/Info.plist;
				LD_RUNPATH_SEARCH_PATHS = (
					"$(inherited)",
					"@executable_path/Frameworks",
					"@loader_path/Frameworks",
				);
				PRODUCT_BUNDLE_IDENTIFIER = com.caprisoft.OptSortSwiftUITests;
				PRODUCT_NAME = "$(TARGET_NAME)";
				SWIFT_VERSION = 5.0;
				TARGETED_DEVICE_FAMILY = "1,2";
				TEST_TARGET_NAME = OptSortSwift;
			};
			name = Release;
		};
/* End XCBuildConfiguration section */

/* Begin XCConfigurationList section */
		B3E2FC1B21A8457E00CAD966 /* Build configuration list for PBXProject "OptSortSwift" */ = {
			isa = XCConfigurationList;
			buildConfigurations = (
				B3E2FC4621A8458000CAD966 /* Debug */,
				B3E2FC4721A8458000CAD966 /* Release */,
			);
			defaultConfigurationIsVisible = 0;
			defaultConfigurationName = Release;
		};
		B3E2FC4821A8458000CAD966 /* Build configuration list for PBXNativeTarget "OptSortSwift" */ = {
			isa = XCConfigurationList;
			buildConfigurations = (
				B3E2FC4921A8458000CAD966 /* Debug */,
				B3E2FC4A21A8458000CAD966 /* Release */,
			);
			defaultConfigurationIsVisible = 0;
			defaultConfigurationName = Release;
		};
		B3E2FC4B21A8458000CAD966 /* Build configuration list for PBXNativeTarget "OptSortSwiftTests" */ = {
			isa = XCConfigurationList;
			buildConfigurations = (
				B3E2FC4C21A8458000CAD966 /* Debug */,
				B3E2FC4D21A8458000CAD966 /* Release */,
			);
			defaultConfigurationIsVisible = 0;
			defaultConfigurationName = Release;
		};
		B3E2FC4E21A8458000CAD966 /* Build configuration list for PBXNativeTarget "OptSortSwiftUITests" */ = {
			isa = XCConfigurationList;
			buildConfigurations = (
				B3E2FC4F21A8458000CAD966 /* Debug */,
				B3E2FC5021A8458000CAD966 /* Release */,
			);
			defaultConfigurationIsVisible = 0;
			defaultConfigurationName = Release;
		};
/* End XCConfigurationList section */
	};
	rootObject = B3E2FC1821A8457E00CAD966 /* Project object */;
}
